// !$*UTF8*$!
{
	archiveVersion = 1;
	classes = {
	};
	objectVersion = 46;
	objects = {

/* Begin PBXBuildFile section */
		585130411F048E9F00072CF5 /* Assets.xcassets in Resources */ = {isa = PBXBuildFile; fileRef = 585130401F048E9F00072CF5 /* Assets.xcassets */; };
		585130481F048E9F00072CF5 /* MessagesExtension.appex in Embed App Extensions */ = {isa = PBXBuildFile; fileRef = 585130471F048E9F00072CF5 /* MessagesExtension.appex */; settings = {ATTRIBUTES = (RemoveHeadersOnCopy, ); }; };
		5851304D1F048E9F00072CF5 /* Messages.framework in Frameworks */ = {isa = PBXBuildFile; fileRef = 5851304C1F048E9F00072CF5 /* Messages.framework */; };
		585130501F048E9F00072CF5 /* MessagesViewController.swift in Sources */ = {isa = PBXBuildFile; fileRef = 5851304F1F048E9F00072CF5 /* MessagesViewController.swift */; };
		585130531F048E9F00072CF5 /* MainInterface.storyboard in Resources */ = {isa = PBXBuildFile; fileRef = 585130511F048E9F00072CF5 /* MainInterface.storyboard */; };
		585130551F048E9F00072CF5 /* Assets.xcassets in Resources */ = {isa = PBXBuildFile; fileRef = 585130541F048E9F00072CF5 /* Assets.xcassets */; };
/* End PBXBuildFile section */

/* Begin PBXContainerItemProxy section */
		585130491F048E9F00072CF5 /* PBXContainerItemProxy */ = {
			isa = PBXContainerItemProxy;
			containerPortal = 585130371F048E9F00072CF5 /* Project object */;
			proxyType = 1;
			remoteGlobalIDString = 585130461F048E9F00072CF5;
			remoteInfo = MessagesExtension;
		};
/* End PBXContainerItemProxy section */

/* Begin PBXCopyFilesBuildPhase section */
		5851305C1F048E9F00072CF5 /* Embed App Extensions */ = {
			isa = PBXCopyFilesBuildPhase;
			buildActionMask = 2147483647;
			dstPath = "";
			dstSubfolderSpec = 13;
			files = (
				585130481F048E9F00072CF5 /* MessagesExtension.appex in Embed App Extensions */,
			);
			name = "Embed App Extensions";
			runOnlyForDeploymentPostprocessing = 0;
		};
/* End PBXCopyFilesBuildPhase section */

/* Begin PBXFileReference section */
		5851303D1F048E9F00072CF5 /* message.app */ = {isa = PBXFileReference; explicitFileType = wrapper.application; includeInIndex = 0; path = message.app; sourceTree = BUILT_PRODUCTS_DIR; };
		585130401F048E9F00072CF5 /* Assets.xcassets */ = {isa = PBXFileReference; lastKnownFileType = folder.assetcatalog; path = Assets.xcassets; sourceTree = "<group>"; };
		585130421F048E9F00072CF5 /* Info.plist */ = {isa = PBXFileReference; lastKnownFileType = text.plist.xml; path = Info.plist; sourceTree = "<group>"; };
		585130471F048E9F00072CF5 /* MessagesExtension.appex */ = {isa = PBXFileReference; explicitFileType = "wrapper.app-extension"; includeInIndex = 0; path = MessagesExtension.appex; sourceTree = BUILT_PRODUCTS_DIR; };
		5851304C1F048E9F00072CF5 /* Messages.framework */ = {isa = PBXFileReference; lastKnownFileType = wrapper.framework; name = Messages.framework; path = System/Library/Frameworks/Messages.framework; sourceTree = SDKROOT; };
		5851304F1F048E9F00072CF5 /* MessagesViewController.swift */ = {isa = PBXFileReference; lastKnownFileType = sourcecode.swift; path = MessagesViewController.swift; sourceTree = "<group>"; };
		585130521F048E9F00072CF5 /* Base */ = {isa = PBXFileReference; lastKnownFileType = file.storyboard; name = Base; path = Base.lproj/MainInterface.storyboard; sourceTree = "<group>"; };
		585130541F048E9F00072CF5 /* Assets.xcassets */ = {isa = PBXFileReference; lastKnownFileType = folder.assetcatalog; path = Assets.xcassets; sourceTree = "<group>"; };
		585130561F048E9F00072CF5 /* Info.plist */ = {isa = PBXFileReference; lastKnownFileType = text.plist.xml; path = Info.plist; sourceTree = "<group>"; };
/* End PBXFileReference section */

/* Begin PBXFrameworksBuildPhase section */
		585130441F048E9F00072CF5 /* Frameworks */ = {
			isa = PBXFrameworksBuildPhase;
			buildActionMask = 2147483647;
			files = (
				5851304D1F048E9F00072CF5 /* Messages.framework in Frameworks */,
			);
			runOnlyForDeploymentPostprocessing = 0;
		};
/* End PBXFrameworksBuildPhase section */

/* Begin PBXGroup section */
		585130361F048E9F00072CF5 = {
			isa = PBXGroup;
			children = (
				5851303F1F048E9F00072CF5 /* message */,
				5851304E1F048E9F00072CF5 /* MessagesExtension */,
				5851304B1F048E9F00072CF5 /* Frameworks */,
				5851303E1F048E9F00072CF5 /* Products */,
			);
			sourceTree = "<group>";
		};
		5851303E1F048E9F00072CF5 /* Products */ = {
			isa = PBXGroup;
			children = (
				5851303D1F048E9F00072CF5 /* message.app */,
				585130471F048E9F00072CF5 /* MessagesExtension.appex */,
			);
			name = Products;
			sourceTree = "<group>";
		};
		5851303F1F048E9F00072CF5 /* message */ = {
			isa = PBXGroup;
			children = (
				585130401F048E9F00072CF5 /* Assets.xcassets */,
				585130421F048E9F00072CF5 /* Info.plist */,
			);
			path = message;
			sourceTree = "<group>";
		};
		5851304B1F048E9F00072CF5 /* Frameworks */ = {
			isa = PBXGroup;
			children = (
				5851304C1F048E9F00072CF5 /* Messages.framework */,
			);
			name = Frameworks;
			sourceTree = "<group>";
		};
		5851304E1F048E9F00072CF5 /* MessagesExtension */ = {
			isa = PBXGroup;
			children = (
				5851304F1F048E9F00072CF5 /* MessagesViewController.swift */,
				585130511F048E9F00072CF5 /* MainInterface.storyboard */,
				585130541F048E9F00072CF5 /* Assets.xcassets */,
				585130561F048E9F00072CF5 /* Info.plist */,
			);
			path = MessagesExtension;
			sourceTree = "<group>";
		};
/* End PBXGroup section */

/* Begin PBXNativeTarget section */
		5851303C1F048E9F00072CF5 /* message */ = {
			isa = PBXNativeTarget;
			buildConfigurationList = 5851305D1F048E9F00072CF5 /* Build configuration list for PBXNativeTarget "message" */;
			buildPhases = (
				5851303B1F048E9F00072CF5 /* Resources */,
				5851305C1F048E9F00072CF5 /* Embed App Extensions */,
			);
			buildRules = (
			);
			dependencies = (
				5851304A1F048E9F00072CF5 /* PBXTargetDependency */,
			);
			name = message;
			productName = message;
			productReference = 5851303D1F048E9F00072CF5 /* message.app */;
			productType = "com.apple.product-type.application.messages";
		};
		585130461F048E9F00072CF5 /* MessagesExtension */ = {
			isa = PBXNativeTarget;
			buildConfigurationList = 585130591F048E9F00072CF5 /* Build configuration list for PBXNativeTarget "MessagesExtension" */;
			buildPhases = (
				585130431F048E9F00072CF5 /* Sources */,
				585130441F048E9F00072CF5 /* Frameworks */,
				585130451F048E9F00072CF5 /* Resources */,
			);
			buildRules = (
			);
			dependencies = (
			);
			name = MessagesExtension;
			productName = MessagesExtension;
			productReference = 585130471F048E9F00072CF5 /* MessagesExtension.appex */;
			productType = "com.apple.product-type.app-extension.messages";
		};
/* End PBXNativeTarget section */

/* Begin PBXProject section */
		585130371F048E9F00072CF5 /* Project object */ = {
			isa = PBXProject;
			attributes = {
				LastSwiftUpdateCheck = 0830;
				LastUpgradeCheck = 0830;
				ORGANIZATIONNAME = officedepot;
				TargetAttributes = {
					5851303C1F048E9F00072CF5 = {
						CreatedOnToolsVersion = 8.3.3;
						DevelopmentTeam = SLMYYKHHDW;
						ProvisioningStyle = Automatic;
					};
					585130461F048E9F00072CF5 = {
						CreatedOnToolsVersion = 8.3.3;
						DevelopmentTeam = SLMYYKHHDW;
						ProvisioningStyle = Automatic;
					};
				};
			};
			buildConfigurationList = 5851303A1F048E9F00072CF5 /* Build configuration list for PBXProject "message" */;
			compatibilityVersion = "Xcode 3.2";
			developmentRegion = English;
			hasScannedForEncodings = 0;
			knownRegions = (
				en,
				Base,
			);
			mainGroup = 585130361F048E9F00072CF5;
			productRefGroup = 5851303E1F048E9F00072CF5 /* Products */;
			projectDirPath = "";
			projectRoot = "";
			targets = (
				5851303C1F048E9F00072CF5 /* message */,
				585130461F048E9F00072CF5 /* MessagesExtension */,
			);
		};
/* End PBXProject section */

/* Begin PBXResourcesBuildPhase section */
		5851303B1F048E9F00072CF5 /* Resources */ = {
			isa = PBXResourcesBuildPhase;
			buildActionMask = 2147483647;
			files = (
				585130411F048E9F00072CF5 /* Assets.xcassets in Resources */,
			);
			runOnlyForDeploymentPostprocessing = 0;
		};
		585130451F048E9F00072CF5 /* Resources */ = {
			isa = PBXResourcesBuildPhase;
			buildActionMask = 2147483647;
			files = (
				585130551F048E9F00072CF5 /* Assets.xcassets in Resources */,
				585130531F048E9F00072CF5 /* MainInterface.storyboard in Resources */,
			);
			runOnlyForDeploymentPostprocessing = 0;
		};
/* End PBXResourcesBuildPhase section */

/* Begin PBXSourcesBuildPhase section */
		585130431F048E9F00072CF5 /* Sources */ = {
			isa = PBXSourcesBuildPhase;
			buildActionMask = 2147483647;
			files = (
				585130501F048E9F00072CF5 /* MessagesViewController.swift in Sources */,
			);
			runOnlyForDeploymentPostprocessing = 0;
		};
/* End PBXSourcesBuildPhase section */

/* Begin PBXTargetDependency section */
		5851304A1F048E9F00072CF5 /* PBXTargetDependency */ = {
			isa = PBXTargetDependency;
			target = 585130461F048E9F00072CF5 /* MessagesExtension */;
			targetProxy = 585130491F048E9F00072CF5 /* PBXContainerItemProxy */;
		};
/* End PBXTargetDependency section */

/* Begin PBXVariantGroup section */
		585130511F048E9F00072CF5 /* MainInterface.storyboard */ = {
			isa = PBXVariantGroup;
			children = (
				585130521F048E9F00072CF5 /* Base */,
			);
			name = MainInterface.storyboard;
			sourceTree = "<group>";
		};
/* End PBXVariantGroup section */

/* Begin XCBuildConfiguration section */
		585130571F048E9F00072CF5 /* Debug */ = {
			isa = XCBuildConfiguration;
			buildSettings = {
				ALWAYS_SEARCH_USER_PATHS = NO;
				CLANG_ANALYZER_NONNULL = YES;
				CLANG_ANALYZER_NUMBER_OBJECT_CONVERSION = YES_AGGRESSIVE;
				CLANG_CXX_LANGUAGE_STANDARD = "gnu++0x";
				CLANG_CXX_LIBRARY = "libc++";
				CLANG_ENABLE_MODULES = YES;
				CLANG_ENABLE_OBJC_ARC = YES;
				CLANG_WARN_BOOL_CONVERSION = YES;
				CLANG_WARN_CONSTANT_CONVERSION = YES;
				CLANG_WARN_DIRECT_OBJC_ISA_USAGE = YES_ERROR;
				CLANG_WARN_DOCUMENTATION_COMMENTS = YES;
				CLANG_WARN_EMPTY_BODY = YES;
				CLANG_WARN_ENUM_CONVERSION = YES;
				CLANG_WARN_INFINITE_RECURSION = YES;
				CLANG_WARN_INT_CONVERSION = YES;
				CLANG_WARN_OBJC_ROOT_CLASS = YES_ERROR;
				CLANG_WARN_SUSPICIOUS_MOVE = YES;
				CLANG_WARN_UNREACHABLE_CODE = YES;
				CLANG_WARN__DUPLICATE_METHOD_MATCH = YES;
				"CODE_SIGN_IDENTITY[sdk=iphoneos*]" = "iPhone Developer";
				COPY_PHASE_STRIP = NO;
				DEBUG_INFORMATION_FORMAT = dwarf;
				ENABLE_STRICT_OBJC_MSGSEND = YES;
				ENABLE_TESTABILITY = YES;
				GCC_C_LANGUAGE_STANDARD = gnu99;
				GCC_DYNAMIC_NO_PIC = NO;
				GCC_NO_COMMON_BLOCKS = YES;
				GCC_OPTIMIZATION_LEVEL = 0;
				GCC_PREPROCESSOR_DEFINITIONS = (
					"DEBUG=1",
					"$(inherited)",
				);
				GCC_WARN_64_TO_32_BIT_CONVERSION = YES;
				GCC_WARN_ABOUT_RETURN_TYPE = YES_ERROR;
				GCC_WARN_UNDECLARED_SELECTOR = YES;
				GCC_WARN_UNINITIALIZED_AUTOS = YES_AGGRESSIVE;
				GCC_WARN_UNUSED_FUNCTION = YES;
				GCC_WARN_UNUSED_VARIABLE = YES;
				IPHONEOS_DEPLOYMENT_TARGET = 10.3;
				MTL_ENABLE_DEBUG_INFO = YES;
				ONLY_ACTIVE_ARCH = YES;
				SDKROOT = iphoneos;
				SWIFT_ACTIVE_COMPILATION_CONDITIONS = DEBUG;
				SWIFT_OPTIMIZATION_LEVEL = "-Onone";
				TARGETED_DEVICE_FAMILY = "1,2";
			};
			name = Debug;
		};
		585130581F048E9F00072CF5 /* Release */ = {
			isa = XCBuildConfiguration;
			buildSettings = {
				ALWAYS_SEARCH_USER_PATHS = NO;
				CLANG_ANALYZER_NONNULL = YES;
				CLANG_ANALYZER_NUMBER_OBJECT_CONVERSION = YES_AGGRESSIVE;
				CLANG_CXX_LANGUAGE_STANDARD = "gnu++0x";
				CLANG_CXX_LIBRARY = "libc++";
				CLANG_ENABLE_MODULES = YES;
				CLANG_ENABLE_OBJC_ARC = YES;
				CLANG_WARN_BOOL_CONVERSION = YES;
				CLANG_WARN_CONSTANT_CONVERSION = YES;
				CLANG_WARN_DIRECT_OBJC_ISA_USAGE = YES_ERROR;
				CLANG_WARN_DOCUMENTATION_COMMENTS = YES;
				CLANG_WARN_EMPTY_BODY = YES;
				CLANG_WARN_ENUM_CONVERSION = YES;
				CLANG_WARN_INFINITE_RECURSION = YES;
				CLANG_WARN_INT_CONVERSION = YES;
				CLANG_WARN_OBJC_ROOT_CLASS = YES_ERROR;
				CLANG_WARN_SUSPICIOUS_MOVE = YES;
				CLANG_WARN_UNREACHABLE_CODE = YES;
				CLANG_WARN__DUPLICATE_METHOD_MATCH = YES;
				"CODE_SIGN_IDENTITY[sdk=iphoneos*]" = "iPhone Developer";
				COPY_PHASE_STRIP = NO;
				DEBUG_INFORMATION_FORMAT = "dwarf-with-dsym";
				ENABLE_NS_ASSERTIONS = NO;
				ENABLE_STRICT_OBJC_MSGSEND = YES;
				GCC_C_LANGUAGE_STANDARD = gnu99;
				GCC_NO_COMMON_BLOCKS = YES;
				GCC_WARN_64_TO_32_BIT_CONVERSION = YES;
				GCC_WARN_ABOUT_RETURN_TYPE = YES_ERROR;
				GCC_WARN_UNDECLARED_SELECTOR = YES;
				GCC_WARN_UNINITIALIZED_AUTOS = YES_AGGRESSIVE;
				GCC_WARN_UNUSED_FUNCTION = YES;
				GCC_WARN_UNUSED_VARIABLE = YES;
				IPHONEOS_DEPLOYMENT_TARGET = 10.3;
				MTL_ENABLE_DEBUG_INFO = NO;
				SDKROOT = iphoneos;
				SWIFT_OPTIMIZATION_LEVEL = "-Owholemodule";
				TARGETED_DEVICE_FAMILY = "1,2";
				VALIDATE_PRODUCT = YES;
			};
			name = Release;
		};
		5851305A1F048E9F00072CF5 /* Debug */ = {
			isa = XCBuildConfiguration;
			buildSettings = {
				ASSETCATALOG_COMPILER_APPICON_NAME = "iMessage App Icon";
				DEVELOPMENT_TEAM = SLMYYKHHDW;
				INFOPLIST_FILE = MessagesExtension/Info.plist;
				LD_RUNPATH_SEARCH_PATHS = "$(inherited) @executable_path/Frameworks @executable_path/../../Frameworks";
				PRODUCT_BUNDLE_IDENTIFIER = com.officedepot.message.MessagesExtension;
				PRODUCT_NAME = "$(TARGET_NAME)";
				SKIP_INSTALL = YES;
				SWIFT_VERSION = 3.0;
			};
			name = Debug;
		};
		5851305B1F048E9F00072CF5 /* Release */ = {
			isa = XCBuildConfiguration;
			buildSettings = {
				ASSETCATALOG_COMPILER_APPICON_NAME = "iMessage App Icon";
				DEVELOPMENT_TEAM = SLMYYKHHDW;
				INFOPLIST_FILE = MessagesExtension/Info.plist;
				LD_RUNPATH_SEARCH_PATHS = "$(inherited) @executable_path/Frameworks @executable_path/../../Frameworks";
				PRODUCT_BUNDLE_IDENTIFIER = com.officedepot.message.MessagesExtension;
				PRODUCT_NAME = "$(TARGET_NAME)";
				SKIP_INSTALL = YES;
				SWIFT_VERSION = 3.0;
			};
			name = Release;
		};
		5851305E1F048E9F00072CF5 /* Debug */ = {
			isa = XCBuildConfiguration;
			buildSettings = {
				ALWAYS_EMBED_SWIFT_STANDARD_LIBRARIES = YES;
				ASSETCATALOG_COMPILER_APPICON_NAME = AppIcon;
				DEVELOPMENT_TEAM = SLMYYKHHDW;
				INFOPLIST_FILE = message/Info.plist;
				PRODUCT_BUNDLE_IDENTIFIER = com.officedepot.message;
				PRODUCT_NAME = "$(TARGET_NAME)";
				SWIFT_VERSION = 3.0;
			};
			name = Debug;
		};
		5851305F1F048E9F00072CF5 /* Release */ = {
			isa = XCBuildConfiguration;
			buildSettings = {
				ALWAYS_EMBED_SWIFT_STANDARD_LIBRARIES = YES;
				ASSETCATALOG_COMPILER_APPICON_NAME = AppIcon;
				DEVELOPMENT_TEAM = SLMYYKHHDW;
				INFOPLIST_FILE = message/Info.plist;
				PRODUCT_BUNDLE_IDENTIFIER = com.officedepot.message;
				PRODUCT_NAME = "$(TARGET_NAME)";
				SWIFT_VERSION = 3.0;
			};
			name = Release;
		};
/* End XCBuildConfiguration section */

/* Begin XCConfigurationList section */
		5851303A1F048E9F00072CF5 /* Build configuration list for PBXProject "message" */ = {
			isa = XCConfigurationList;
			buildConfigurations = (
				585130571F048E9F00072CF5 /* Debug */,
				585130581F048E9F00072CF5 /* Release */,
			);
			defaultConfigurationIsVisible = 0;
			defaultConfigurationName = Release;
		};
		585130591F048E9F00072CF5 /* Build configuration list for PBXNativeTarget "MessagesExtension" */ = {
			isa = XCConfigurationList;
			buildConfigurations = (
				5851305A1F048E9F00072CF5 /* Debug */,
				5851305B1F048E9F00072CF5 /* Release */,
			);
			defaultConfigurationIsVisible = 0;
		};
		5851305D1F048E9F00072CF5 /* Build configuration list for PBXNativeTarget "message" */ = {
			isa = XCConfigurationList;
			buildConfigurations = (
				5851305E1F048E9F00072CF5 /* Debug */,
				5851305F1F048E9F00072CF5 /* Release */,
			);
			defaultConfigurationIsVisible = 0;
		};
/* End XCConfigurationList section */
	};
	rootObject = 585130371F048E9F00072CF5 /* Project object */;
}
